
Microsoft Visual Studio Solution File, Format Version 12.00
# Visual Studio Version 17
VisualStudioVersion = 17.2.32616.157
MinimumVisualStudioVersion = 10.0.40219.1
Project("{FAE04EC0-301F-11D3-BF4B-00C04F79EFBC}") = "CICDApp", "CICDApp\CICDApp.csproj", "{764E29D9-1639-4247-845F-1D8A152CAA33}"
EndProject
Global
	GlobalSection(SolutionConfigurationPlatforms) = preSolution
		Debug|Any CPU = Debug|Any CPU
		Release|Any CPU = Release|Any CPU
	EndGlobalSection
	GlobalSection(ProjectConfigurationPlatforms) = postSolution
		{764E29D9-1639-4247-845F-1D8A152CAA33}.Debug|Any CPU.ActiveCfg = Debug|Any CPU
		{764E29D9-1639-4247-845F-1D8A152CAA33}.Debug|Any CPU.Build.0 = Debug|Any CPU
		{764E29D9-1639-4247-845F-1D8A152CAA33}.Release|Any CPU.ActiveCfg = Release|Any CPU
		{764E29D9-1639-4247-845F-1D8A152CAA33}.Release|Any CPU.Build.0 = Release|Any CPU
	EndGlobalSection
	GlobalSection(SolutionProperties) = preSolution
		HideSolutionNode = FALSE
	EndGlobalSection
	GlobalSection(ExtensibilityGlobals) = postSolution
		SolutionGuid = {8ECCE7F4-5FC5-4740-BA35-45B09D62A728}
	EndGlobalSection
EndGlobal
